
Microsoft Visual Studio Solution File, Format Version 12.00
# Visual Studio Version 17
VisualStudioVersion = 17.9.34728.123
MinimumVisualStudioVersion = 10.0.40219.1
Project("{FAE04EC0-301F-11D3-BF4B-00C04F79EFBC}") = "Okala.Cryptocurrency.Application", "Okala.Cryptocurrency.Application\Okala.Cryptocurrency.Application.csproj", "{CFF5D0C2-AC09-4471-B968-71F2547F7588}"
EndProject
Project("{FAE04EC0-301F-11D3-BF4B-00C04F79EFBC}") = "Okala.Cryptocurrency.Domain", "Okala.Cryptocurrency.Domain\Okala.Cryptocurrency.Domain.csproj", "{73854F77-E247-471E-A941-60D4DFD228E3}"
EndProject
Project("{FAE04EC0-301F-11D3-BF4B-00C04F79EFBC}") = "Okala.Cryptocurrency.Infrastructure", "Okala.Cryptocurrency.Infrastructure\Okala.Cryptocurrency.Infrastructure.csproj", "{D0B021B8-02A2-4F34-AC65-9656A3C062F0}"
EndProject
Global
	GlobalSection(SolutionConfigurationPlatforms) = preSolution
		Debug|Any CPU = Debug|Any CPU
		Release|Any CPU = Release|Any CPU
	EndGlobalSection
	GlobalSection(ProjectConfigurationPlatforms) = postSolution
		{CFF5D0C2-AC09-4471-B968-71F2547F7588}.Debug|Any CPU.ActiveCfg = Debug|Any CPU
		{CFF5D0C2-AC09-4471-B968-71F2547F7588}.Debug|Any CPU.Build.0 = Debug|Any CPU
		{CFF5D0C2-AC09-4471-B968-71F2547F7588}.Release|Any CPU.ActiveCfg = Release|Any CPU
		{CFF5D0C2-AC09-4471-B968-71F2547F7588}.Release|Any CPU.Build.0 = Release|Any CPU
		{73854F77-E247-471E-A941-60D4DFD228E3}.Debug|Any CPU.ActiveCfg = Debug|Any CPU
		{73854F77-E247-471E-A941-60D4DFD228E3}.Debug|Any CPU.Build.0 = Debug|Any CPU
		{73854F77-E247-471E-A941-60D4DFD228E3}.Release|Any CPU.ActiveCfg = Release|Any CPU
		{73854F77-E247-471E-A941-60D4DFD228E3}.Release|Any CPU.Build.0 = Release|Any CPU
		{D0B021B8-02A2-4F34-AC65-9656A3C062F0}.Debug|Any CPU.ActiveCfg = Debug|Any CPU
		{D0B021B8-02A2-4F34-AC65-9656A3C062F0}.Debug|Any CPU.Build.0 = Debug|Any CPU
		{D0B021B8-02A2-4F34-AC65-9656A3C062F0}.Release|Any CPU.ActiveCfg = Release|Any CPU
		{D0B021B8-02A2-4F34-AC65-9656A3C062F0}.Release|Any CPU.Build.0 = Release|Any CPU
	EndGlobalSection
	GlobalSection(SolutionProperties) = preSolution
		HideSolutionNode = FALSE
	EndGlobalSection
	GlobalSection(ExtensibilityGlobals) = postSolution
		SolutionGuid = {2B6EF627-0818-4BF4-8DC8-A3AD4E5D6677}
	EndGlobalSection
EndGlobal
